
Microsoft Visual Studio Solution File, Format Version 12.00
# Visual Studio 15
VisualStudioVersion = 15.0.28010.2026
MinimumVisualStudioVersion = 10.0.40219.1
Project("{FAE04EC0-301F-11D3-BF4B-00C04F79EFBC}") = "Joystick", "Joystick\Joystick.csproj", "{7980683D-B9DD-41A5-8C52-8AB741529E5B}"
EndProject
Global
	GlobalSection(SolutionConfigurationPlatforms) = preSolution
		Debug|Any CPU = Debug|Any CPU
		Release|Any CPU = Release|Any CPU
	EndGlobalSection
	GlobalSection(ProjectConfigurationPlatforms) = postSolution
		{7980683D-B9DD-41A5-8C52-8AB741529E5B}.Debug|Any CPU.ActiveCfg = Debug|Any CPU
		{7980683D-B9DD-41A5-8C52-8AB741529E5B}.Debug|Any CPU.Build.0 = Debug|Any CPU
		{7980683D-B9DD-41A5-8C52-8AB741529E5B}.Release|Any CPU.ActiveCfg = Release|Any CPU
		{7980683D-B9DD-41A5-8C52-8AB741529E5B}.Release|Any CPU.Build.0 = Release|Any CPU
	EndGlobalSection
	GlobalSection(SolutionProperties) = preSolution
		HideSolutionNode = FALSE
	EndGlobalSection
	GlobalSection(ExtensibilityGlobals) = postSolution
		SolutionGuid = {EC3A442F-23EC-460B-BBF8-84D17F43EAAB}
	EndGlobalSection
EndGlobal
